
Microsoft Visual Studio Solution File, Format Version 12.00
# Visual Studio Version 17
VisualStudioVersion = 17.13.35931.197
MinimumVisualStudioVersion = 10.0.40219.1
Project("{FAE04EC0-301F-11D3-BF4B-00C04F79EFBC}") = "GestionProductos", "GestionProductos\GestionProductos.csproj", "{FB9DB676-F80E-4C8E-A748-0591A20D6B18}"
EndProject
Project("{2150E333-8FDC-42A3-9474-1A3956D46DE8}") = "docker-compose", "docker-compose", "{02EA681E-C7D8-13C7-8484-4AC65E1B71E8}"
	ProjectSection(SolutionItems) = preProject
		.env = .env
		.env.example = .env.example
		docker-compose.yml = docker-compose.yml
	EndProjectSection
EndProject
Global
	GlobalSection(SolutionConfigurationPlatforms) = preSolution
		Debug|Any CPU = Debug|Any CPU
		Release|Any CPU = Release|Any CPU
	EndGlobalSection
	GlobalSection(ProjectConfigurationPlatforms) = postSolution
		{FB9DB676-F80E-4C8E-A748-0591A20D6B18}.Debug|Any CPU.ActiveCfg = Debug|Any CPU
		{FB9DB676-F80E-4C8E-A748-0591A20D6B18}.Debug|Any CPU.Build.0 = Debug|Any CPU
		{FB9DB676-F80E-4C8E-A748-0591A20D6B18}.Release|Any CPU.ActiveCfg = Release|Any CPU
		{FB9DB676-F80E-4C8E-A748-0591A20D6B18}.Release|Any CPU.Build.0 = Release|Any CPU
	EndGlobalSection
	GlobalSection(SolutionProperties) = preSolution
		HideSolutionNode = FALSE
	EndGlobalSection
	GlobalSection(ExtensibilityGlobals) = postSolution
		SolutionGuid = {EEAB0A1D-BFAD-4E56-B369-2489863ABCE5}
	EndGlobalSection
EndGlobal
